Microsoft Visual Studio Solution File, Format Version 9.00
# Visual Studio 2005
Project("{FAE04EC0-301F-11D3-BF4B-00C04F79EFBC}") = "SMS", "SMS\SMS.csproj", "{D975A540-A859-4533-B361-06AD51B0C2E7}"
EndProject
Global
	GlobalSection(SolutionConfigurationPlatforms) = preSolution
		Debug|Any CPU = Debug|Any CPU
		Release|Any CPU = Release|Any CPU
	EndGlobalSection
	GlobalSection(ProjectConfigurationPlatforms) = postSolution
		{D975A540-A859-4533-B361-06AD51B0C2E7}.Debug|Any CPU.ActiveCfg = Debug|Any CPU
		{D975A540-A859-4533-B361-06AD51B0C2E7}.Debug|Any CPU.Build.0 = Debug|Any CPU
		{D975A540-A859-4533-B361-06AD51B0C2E7}.Release|Any CPU.ActiveCfg = Release|Any CPU
		{D975A540-A859-4533-B361-06AD51B0C2E7}.Release|Any CPU.Build.0 = Release|Any CPU
	EndGlobalSection
	GlobalSection(SolutionProperties) = preSolution
		HideSolutionNode = FALSE
	EndGlobalSection
EndGlobal
