
Microsoft Visual Studio Solution File, Format Version 10.00
# Visual Studio 2008
Project("{FAE04EC0-301F-11D3-BF4B-00C04F79EFBC}") = "Comm2IP", "Comm2IP\Comm2IP.csproj", "{8D16AF35-258B-4AC8-9A28-15F2924006FB}"
EndProject
Global
	GlobalSection(SolutionConfigurationPlatforms) = preSolution
		Debug|Any CPU = Debug|Any CPU
		Release|Any CPU = Release|Any CPU
	EndGlobalSection
	GlobalSection(ProjectConfigurationPlatforms) = postSolution
		{8D16AF35-258B-4AC8-9A28-15F2924006FB}.Debug|Any CPU.ActiveCfg = Debug|Any CPU
		{8D16AF35-258B-4AC8-9A28-15F2924006FB}.Debug|Any CPU.Build.0 = Debug|Any CPU
		{8D16AF35-258B-4AC8-9A28-15F2924006FB}.Release|Any CPU.ActiveCfg = Release|Any CPU
		{8D16AF35-258B-4AC8-9A28-15F2924006FB}.Release|Any CPU.Build.0 = Release|Any CPU
	EndGlobalSection
	GlobalSection(SolutionProperties) = preSolution
		HideSolutionNode = FALSE
	EndGlobalSection
EndGlobal
